
Microsoft Visual Studio Solution File, Format Version 12.00
# Visual Studio 15
VisualStudioVersion = 15.0.28010.2050
MinimumVisualStudioVersion = 10.0.40219.1
Project("{2150E333-8FDC-42A3-9474-1A3956D46DE8}") = "1. Front End", "1. Front End", "{683F5C02-7FC7-494C-B1F6-47CCC0B30067}"
EndProject
Project("{2150E333-8FDC-42A3-9474-1A3956D46DE8}") = "2. Back End", "2. Back End", "{66646387-9F14-4BF2-8439-0D03181F03AA}"
EndProject
Project("{2150E333-8FDC-42A3-9474-1A3956D46DE8}") = "2. Bussiness Layer", "2. Bussiness Layer", "{0A8FB0C1-658D-4F7E-8B3F-F0CB43CA8CA0}"
EndProject
Project("{2150E333-8FDC-42A3-9474-1A3956D46DE8}") = "3. Data Access Layer", "3. Data Access Layer", "{A9056DD6-DDE1-46AE-9B96-B331F24F4EC3}"
EndProject
Project("{2150E333-8FDC-42A3-9474-1A3956D46DE8}") = "4. Common Interfaces", "4. Common Interfaces", "{00CC2F51-C855-4362-88FF-985FC21C8FD0}"
EndProject
Project("{2150E333-8FDC-42A3-9474-1A3956D46DE8}") = "5. Utilities", "5. Utilities", "{2CE271DC-A94A-4B73-83D7-C6A0F04C98CC}"
EndProject
Project("{2150E333-8FDC-42A3-9474-1A3956D46DE8}") = "3. Test", "3. Test", "{D6D6AD57-7642-4D25-AF4C-DE0DEABD8FAD}"
EndProject
Project("{2150E333-8FDC-42A3-9474-1A3956D46DE8}") = "1. Web API", "1. Web API", "{DAECC98F-EA4A-4CA0-A794-DF2966A600FD}"
EndProject
Project("{FAE04EC0-301F-11D3-BF4B-00C04F79EFBC}") = "MAS.BL", "2. Back End\2. Bussiness Layer\MAS.BL\MAS.BL.csproj", "{2AAAF1A6-CE46-4D75-BB6D-1438363C40A5}"
EndProject
Project("{FAE04EC0-301F-11D3-BF4B-00C04F79EFBC}") = "MAS.CI", "2. Back End\4. Common Interfaces\MAS.CI\MAS.CI.csproj", "{55AA3194-3FE4-4CA1-A6D7-3EEC499BCF66}"
EndProject
Project("{FAE04EC0-301F-11D3-BF4B-00C04F79EFBC}") = "MAS.DAL", "2. Back End\3. Data Access Layer\MAS.DAL\MAS.DAL.csproj", "{AB4A715D-BD26-46CF-A875-B6A12932555D}"
EndProject
Project("{9A19103F-16F7-4668-BE54-9A1E7A4F7556}") = "MAS.WEBAPI", "2. Back End\1. Web API\MAS.WEBAPI\MAS.WEBAPI.csproj", "{5103E86A-C982-4322-9401-927E3244648F}"
EndProject
Project("{FAE04EC0-301F-11D3-BF4B-00C04F79EFBC}") = "MAS.UTILITIES", "2. Back End\5. Utilities\MAS.UTILITIES\MAS.UTILITIES.csproj", "{3EA91B90-8D2B-403C-B3BA-AA1723A104D3}"
EndProject
Project("{2150E333-8FDC-42A3-9474-1A3956D46DE8}") = "2. Unit Tests", "2. Unit Tests", "{58B8F5AD-BC20-4C5C-A082-CC8812354834}"
EndProject
Project("{FAE04EC0-301F-11D3-BF4B-00C04F79EFBC}") = "MAS.TEST", "3. Test\1. Unit Tests\MAS.TEST\MAS.TEST.csproj", "{35217146-B2FD-4CA6-A2CA-E46A9FB21F56}"
EndProject
Global
	GlobalSection(SolutionConfigurationPlatforms) = preSolution
		Debug|Any CPU = Debug|Any CPU
		Release|Any CPU = Release|Any CPU
	EndGlobalSection
	GlobalSection(ProjectConfigurationPlatforms) = postSolution
		{2AAAF1A6-CE46-4D75-BB6D-1438363C40A5}.Debug|Any CPU.ActiveCfg = Debug|Any CPU
		{2AAAF1A6-CE46-4D75-BB6D-1438363C40A5}.Debug|Any CPU.Build.0 = Debug|Any CPU
		{2AAAF1A6-CE46-4D75-BB6D-1438363C40A5}.Release|Any CPU.ActiveCfg = Release|Any CPU
		{2AAAF1A6-CE46-4D75-BB6D-1438363C40A5}.Release|Any CPU.Build.0 = Release|Any CPU
		{55AA3194-3FE4-4CA1-A6D7-3EEC499BCF66}.Debug|Any CPU.ActiveCfg = Debug|Any CPU
		{55AA3194-3FE4-4CA1-A6D7-3EEC499BCF66}.Debug|Any CPU.Build.0 = Debug|Any CPU
		{55AA3194-3FE4-4CA1-A6D7-3EEC499BCF66}.Release|Any CPU.ActiveCfg = Release|Any CPU
		{55AA3194-3FE4-4CA1-A6D7-3EEC499BCF66}.Release|Any CPU.Build.0 = Release|Any CPU
		{AB4A715D-BD26-46CF-A875-B6A12932555D}.Debug|Any CPU.ActiveCfg = Debug|Any CPU
		{AB4A715D-BD26-46CF-A875-B6A12932555D}.Debug|Any CPU.Build.0 = Debug|Any CPU
		{AB4A715D-BD26-46CF-A875-B6A12932555D}.Release|Any CPU.ActiveCfg = Release|Any CPU
		{AB4A715D-BD26-46CF-A875-B6A12932555D}.Release|Any CPU.Build.0 = Release|Any CPU
		{5103E86A-C982-4322-9401-927E3244648F}.Debug|Any CPU.ActiveCfg = Debug|Any CPU
		{5103E86A-C982-4322-9401-927E3244648F}.Debug|Any CPU.Build.0 = Debug|Any CPU
		{5103E86A-C982-4322-9401-927E3244648F}.Release|Any CPU.ActiveCfg = Release|Any CPU
		{5103E86A-C982-4322-9401-927E3244648F}.Release|Any CPU.Build.0 = Release|Any CPU
		{3EA91B90-8D2B-403C-B3BA-AA1723A104D3}.Debug|Any CPU.ActiveCfg = Debug|Any CPU
		{3EA91B90-8D2B-403C-B3BA-AA1723A104D3}.Debug|Any CPU.Build.0 = Debug|Any CPU
		{3EA91B90-8D2B-403C-B3BA-AA1723A104D3}.Release|Any CPU.ActiveCfg = Release|Any CPU
		{3EA91B90-8D2B-403C-B3BA-AA1723A104D3}.Release|Any CPU.Build.0 = Release|Any CPU
		{35217146-B2FD-4CA6-A2CA-E46A9FB21F56}.Debug|Any CPU.ActiveCfg = Debug|Any CPU
		{35217146-B2FD-4CA6-A2CA-E46A9FB21F56}.Debug|Any CPU.Build.0 = Debug|Any CPU
		{35217146-B2FD-4CA6-A2CA-E46A9FB21F56}.Release|Any CPU.ActiveCfg = Release|Any CPU
		{35217146-B2FD-4CA6-A2CA-E46A9FB21F56}.Release|Any CPU.Build.0 = Release|Any CPU
	EndGlobalSection
	GlobalSection(SolutionProperties) = preSolution
		HideSolutionNode = FALSE
	EndGlobalSection
	GlobalSection(NestedProjects) = preSolution
		{0A8FB0C1-658D-4F7E-8B3F-F0CB43CA8CA0} = {66646387-9F14-4BF2-8439-0D03181F03AA}
		{A9056DD6-DDE1-46AE-9B96-B331F24F4EC3} = {66646387-9F14-4BF2-8439-0D03181F03AA}
		{00CC2F51-C855-4362-88FF-985FC21C8FD0} = {66646387-9F14-4BF2-8439-0D03181F03AA}
		{2CE271DC-A94A-4B73-83D7-C6A0F04C98CC} = {66646387-9F14-4BF2-8439-0D03181F03AA}
		{DAECC98F-EA4A-4CA0-A794-DF2966A600FD} = {66646387-9F14-4BF2-8439-0D03181F03AA}
		{2AAAF1A6-CE46-4D75-BB6D-1438363C40A5} = {0A8FB0C1-658D-4F7E-8B3F-F0CB43CA8CA0}
		{55AA3194-3FE4-4CA1-A6D7-3EEC499BCF66} = {00CC2F51-C855-4362-88FF-985FC21C8FD0}
		{AB4A715D-BD26-46CF-A875-B6A12932555D} = {A9056DD6-DDE1-46AE-9B96-B331F24F4EC3}
		{5103E86A-C982-4322-9401-927E3244648F} = {DAECC98F-EA4A-4CA0-A794-DF2966A600FD}
		{3EA91B90-8D2B-403C-B3BA-AA1723A104D3} = {2CE271DC-A94A-4B73-83D7-C6A0F04C98CC}
		{58B8F5AD-BC20-4C5C-A082-CC8812354834} = {D6D6AD57-7642-4D25-AF4C-DE0DEABD8FAD}
		{35217146-B2FD-4CA6-A2CA-E46A9FB21F56} = {58B8F5AD-BC20-4C5C-A082-CC8812354834}
	EndGlobalSection
	GlobalSection(ExtensibilityGlobals) = postSolution
		SolutionGuid = {76CC0272-6D32-4C41-A269-DE34FE363D2C}
	EndGlobalSection
EndGlobal
